
Microsoft Visual Studio Solution File, Format Version 12.00
# Visual Studio Version 16
VisualStudioVersion = 16.0.29609.76
MinimumVisualStudioVersion = 10.0.40219.1
Project("{FAE04EC0-301F-11D3-BF4B-00C04F79EFBC}") = "sudoku", "sudoku\sudoku.csproj", "{953452CF-3A52-4985-A6B0-040FC4874CDF}"
EndProject
Global
	GlobalSection(SolutionConfigurationPlatforms) = preSolution
		Debug|Any CPU = Debug|Any CPU
		Release|Any CPU = Release|Any CPU
	EndGlobalSection
	GlobalSection(ProjectConfigurationPlatforms) = postSolution
		{953452CF-3A52-4985-A6B0-040FC4874CDF}.Debug|Any CPU.ActiveCfg = Debug|Any CPU
		{953452CF-3A52-4985-A6B0-040FC4874CDF}.Debug|Any CPU.Build.0 = Debug|Any CPU
		{953452CF-3A52-4985-A6B0-040FC4874CDF}.Release|Any CPU.ActiveCfg = Release|Any CPU
		{953452CF-3A52-4985-A6B0-040FC4874CDF}.Release|Any CPU.Build.0 = Release|Any CPU
	EndGlobalSection
	GlobalSection(SolutionProperties) = preSolution
		HideSolutionNode = FALSE
	EndGlobalSection
	GlobalSection(ExtensibilityGlobals) = postSolution
		SolutionGuid = {56B1E4BD-ECF2-48ED-B5CB-4E67081584A5}
	EndGlobalSection
EndGlobal
